
Microsoft Visual Studio Solution File, Format Version 12.00
# Visual Studio Version 16
VisualStudioVersion = 16.0.30804.86
MinimumVisualStudioVersion = 10.0.40219.1
Project("{FAE04EC0-301F-11D3-BF4B-00C04F79EFBC}") = "DataAccess", "DataAccess\DataAccess.csproj", "{496B2E85-5823-4F9F-8100-D67E3B9DFAA1}"
EndProject
Project("{FAE04EC0-301F-11D3-BF4B-00C04F79EFBC}") = "Business", "Business\Business.csproj", "{838963E3-CACE-43F4-BCD5-CA22A364CBAA}"
EndProject
Project("{FAE04EC0-301F-11D3-BF4B-00C04F79EFBC}") = "Entities", "Entities\Entities.csproj", "{9A935053-CDDD-4CB2-BA24-606A91B80FB1}"
EndProject
Project("{FAE04EC0-301F-11D3-BF4B-00C04F79EFBC}") = "ConsoleUI", "ConsoleUI\ConsoleUI.csproj", "{8AE8EC97-97B4-4B6F-8C38-9E7DA48BAF49}"
EndProject
Global
	GlobalSection(SolutionConfigurationPlatforms) = preSolution
		Debug|Any CPU = Debug|Any CPU
		Release|Any CPU = Release|Any CPU
	EndGlobalSection
	GlobalSection(ProjectConfigurationPlatforms) = postSolution
		{496B2E85-5823-4F9F-8100-D67E3B9DFAA1}.Debug|Any CPU.ActiveCfg = Debug|Any CPU
		{496B2E85-5823-4F9F-8100-D67E3B9DFAA1}.Debug|Any CPU.Build.0 = Debug|Any CPU
		{496B2E85-5823-4F9F-8100-D67E3B9DFAA1}.Release|Any CPU.ActiveCfg = Release|Any CPU
		{496B2E85-5823-4F9F-8100-D67E3B9DFAA1}.Release|Any CPU.Build.0 = Release|Any CPU
		{838963E3-CACE-43F4-BCD5-CA22A364CBAA}.Debug|Any CPU.ActiveCfg = Debug|Any CPU
		{838963E3-CACE-43F4-BCD5-CA22A364CBAA}.Debug|Any CPU.Build.0 = Debug|Any CPU
		{838963E3-CACE-43F4-BCD5-CA22A364CBAA}.Release|Any CPU.ActiveCfg = Release|Any CPU
		{838963E3-CACE-43F4-BCD5-CA22A364CBAA}.Release|Any CPU.Build.0 = Release|Any CPU
		{9A935053-CDDD-4CB2-BA24-606A91B80FB1}.Debug|Any CPU.ActiveCfg = Debug|Any CPU
		{9A935053-CDDD-4CB2-BA24-606A91B80FB1}.Debug|Any CPU.Build.0 = Debug|Any CPU
		{9A935053-CDDD-4CB2-BA24-606A91B80FB1}.Release|Any CPU.ActiveCfg = Release|Any CPU
		{9A935053-CDDD-4CB2-BA24-606A91B80FB1}.Release|Any CPU.Build.0 = Release|Any CPU
		{8AE8EC97-97B4-4B6F-8C38-9E7DA48BAF49}.Debug|Any CPU.ActiveCfg = Debug|Any CPU
		{8AE8EC97-97B4-4B6F-8C38-9E7DA48BAF49}.Debug|Any CPU.Build.0 = Debug|Any CPU
		{8AE8EC97-97B4-4B6F-8C38-9E7DA48BAF49}.Release|Any CPU.ActiveCfg = Release|Any CPU
		{8AE8EC97-97B4-4B6F-8C38-9E7DA48BAF49}.Release|Any CPU.Build.0 = Release|Any CPU
	EndGlobalSection
	GlobalSection(SolutionProperties) = preSolution
		HideSolutionNode = FALSE
	EndGlobalSection
	GlobalSection(ExtensibilityGlobals) = postSolution
		SolutionGuid = {05741A71-AC01-4D72-A7D2-5CD013FEA344}
	EndGlobalSection
EndGlobal
